
Microsoft Visual Studio Solution File, Format Version 12.00
# Visual Studio Version 17
VisualStudioVersion = 17.14.36414.22 d17.14
MinimumVisualStudioVersion = 10.0.40219.1
Project("{FAE04EC0-301F-11D3-BF4B-00C04F79EFBC}") = "Beepbeep", "Beepbeep\Beepbeep.csproj", "{1EE472D5-6B93-46AB-B5C0-7C6E7E52DAC0}"
EndProject
Global
	GlobalSection(SolutionConfigurationPlatforms) = preSolution
		Debug|Any CPU = Debug|Any CPU
		Release|Any CPU = Release|Any CPU
	EndGlobalSection
	GlobalSection(ProjectConfigurationPlatforms) = postSolution
		{1EE472D5-6B93-46AB-B5C0-7C6E7E52DAC0}.Debug|Any CPU.ActiveCfg = Debug|Any CPU
		{1EE472D5-6B93-46AB-B5C0-7C6E7E52DAC0}.Debug|Any CPU.Build.0 = Debug|Any CPU
		{1EE472D5-6B93-46AB-B5C0-7C6E7E52DAC0}.Release|Any CPU.ActiveCfg = Release|Any CPU
		{1EE472D5-6B93-46AB-B5C0-7C6E7E52DAC0}.Release|Any CPU.Build.0 = Release|Any CPU
	EndGlobalSection
	GlobalSection(SolutionProperties) = preSolution
		HideSolutionNode = FALSE
	EndGlobalSection
	GlobalSection(ExtensibilityGlobals) = postSolution
		SolutionGuid = {B4F1BD2A-3F52-4921-A9C7-0AD37545E90F}
	EndGlobalSection
EndGlobal
